{
  "name": "basic-backend-by-sourabh",
  "version": "1.0.0",
  "lockfileVersion": 3,
  "requires": true,
  "packages": {
    "": {
      "name": "basic-backend-by-sourabh",
      "version": "1.0.0",
      "license": "ISC",
      "bin": {
        "basic-backend-by-sourabh": "index.js"
      }
    }
  }
}
